
Microsoft Visual Studio Solution File, Format Version 12.00
# Visual Studio Version 16
VisualStudioVersion = 16.0.30804.86
MinimumVisualStudioVersion = 10.0.40219.1
Project("{FAE04EC0-301F-11D3-BF4B-00C04F79EFBC}") = "LeLepidoptere", "LeLepidoptere\LeLepidoptere.csproj", "{1B49335F-CCA5-4E81-836D-EB5095EBA824}"
EndProject
Project("{FAE04EC0-301F-11D3-BF4B-00C04F79EFBC}") = "ClassLibraryLepidoptere", "ClassLibraryLepidoptere\ClassLibraryLepidoptere.csproj", "{22FF0407-375C-41F4-A550-B1DA5C63F950}"
EndProject
Global
	GlobalSection(SolutionConfigurationPlatforms) = preSolution
		Debug|Any CPU = Debug|Any CPU
		Release|Any CPU = Release|Any CPU
	EndGlobalSection
	GlobalSection(ProjectConfigurationPlatforms) = postSolution
		{1B49335F-CCA5-4E81-836D-EB5095EBA824}.Debug|Any CPU.ActiveCfg = Debug|Any CPU
		{1B49335F-CCA5-4E81-836D-EB5095EBA824}.Debug|Any CPU.Build.0 = Debug|Any CPU
		{1B49335F-CCA5-4E81-836D-EB5095EBA824}.Release|Any CPU.ActiveCfg = Release|Any CPU
		{1B49335F-CCA5-4E81-836D-EB5095EBA824}.Release|Any CPU.Build.0 = Release|Any CPU
		{22FF0407-375C-41F4-A550-B1DA5C63F950}.Debug|Any CPU.ActiveCfg = Debug|Any CPU
		{22FF0407-375C-41F4-A550-B1DA5C63F950}.Debug|Any CPU.Build.0 = Debug|Any CPU
		{22FF0407-375C-41F4-A550-B1DA5C63F950}.Release|Any CPU.ActiveCfg = Release|Any CPU
		{22FF0407-375C-41F4-A550-B1DA5C63F950}.Release|Any CPU.Build.0 = Release|Any CPU
	EndGlobalSection
	GlobalSection(SolutionProperties) = preSolution
		HideSolutionNode = FALSE
	EndGlobalSection
	GlobalSection(ExtensibilityGlobals) = postSolution
		SolutionGuid = {E22507FB-28DA-4FDF-9DBB-2919335B7231}
	EndGlobalSection
EndGlobal
