
Microsoft Visual Studio Solution File, Format Version 12.00
# Visual Studio Version 16
VisualStudioVersion = 16.0.30804.86
MinimumVisualStudioVersion = 10.0.40219.1
Project("{FAE04EC0-301F-11D3-BF4B-00C04F79EFBC}") = "421", "421\421.csproj", "{FE283069-59DB-4C1D-9084-4B6BC6EFC154}"
EndProject
Project("{FAE04EC0-301F-11D3-BF4B-00C04F79EFBC}") = "ClassLibrary421", "ClassLibrary421\ClassLibrary421.csproj", "{7715A033-DCE8-430D-8AB7-BC5246BE15B0}"
EndProject
Global
	GlobalSection(SolutionConfigurationPlatforms) = preSolution
		Debug|Any CPU = Debug|Any CPU
		Release|Any CPU = Release|Any CPU
	EndGlobalSection
	GlobalSection(ProjectConfigurationPlatforms) = postSolution
		{FE283069-59DB-4C1D-9084-4B6BC6EFC154}.Debug|Any CPU.ActiveCfg = Debug|Any CPU
		{FE283069-59DB-4C1D-9084-4B6BC6EFC154}.Debug|Any CPU.Build.0 = Debug|Any CPU
		{FE283069-59DB-4C1D-9084-4B6BC6EFC154}.Release|Any CPU.ActiveCfg = Release|Any CPU
		{FE283069-59DB-4C1D-9084-4B6BC6EFC154}.Release|Any CPU.Build.0 = Release|Any CPU
		{7715A033-DCE8-430D-8AB7-BC5246BE15B0}.Debug|Any CPU.ActiveCfg = Debug|Any CPU
		{7715A033-DCE8-430D-8AB7-BC5246BE15B0}.Debug|Any CPU.Build.0 = Debug|Any CPU
		{7715A033-DCE8-430D-8AB7-BC5246BE15B0}.Release|Any CPU.ActiveCfg = Release|Any CPU
		{7715A033-DCE8-430D-8AB7-BC5246BE15B0}.Release|Any CPU.Build.0 = Release|Any CPU
	EndGlobalSection
	GlobalSection(SolutionProperties) = preSolution
		HideSolutionNode = FALSE
	EndGlobalSection
	GlobalSection(ExtensibilityGlobals) = postSolution
		SolutionGuid = {C44E3AF1-0703-4F8E-BF0E-B7DF70ED89E4}
	EndGlobalSection
EndGlobal
