
Microsoft Visual Studio Solution File, Format Version 12.00
# Visual Studio Version 16
VisualStudioVersion = 16.0.30804.86
MinimumVisualStudioVersion = 10.0.40219.1
Project("{FAE04EC0-301F-11D3-BF4B-00C04F79EFBC}") = "LePoint", "LePoint\LePoint.csproj", "{5F78ADA3-47B8-4A8B-B419-77D7B1CD441A}"
EndProject
Project("{FAE04EC0-301F-11D3-BF4B-00C04F79EFBC}") = "ClassLibraryLePoint", "ClassLibraryLePoint\ClassLibraryLePoint.csproj", "{B51FF07B-A2E7-4B62-883A-B7AD76FD3D0B}"
EndProject
Global
	GlobalSection(SolutionConfigurationPlatforms) = preSolution
		Debug|Any CPU = Debug|Any CPU
		Release|Any CPU = Release|Any CPU
	EndGlobalSection
	GlobalSection(ProjectConfigurationPlatforms) = postSolution
		{5F78ADA3-47B8-4A8B-B419-77D7B1CD441A}.Debug|Any CPU.ActiveCfg = Debug|Any CPU
		{5F78ADA3-47B8-4A8B-B419-77D7B1CD441A}.Debug|Any CPU.Build.0 = Debug|Any CPU
		{5F78ADA3-47B8-4A8B-B419-77D7B1CD441A}.Release|Any CPU.ActiveCfg = Release|Any CPU
		{5F78ADA3-47B8-4A8B-B419-77D7B1CD441A}.Release|Any CPU.Build.0 = Release|Any CPU
		{B51FF07B-A2E7-4B62-883A-B7AD76FD3D0B}.Debug|Any CPU.ActiveCfg = Debug|Any CPU
		{B51FF07B-A2E7-4B62-883A-B7AD76FD3D0B}.Debug|Any CPU.Build.0 = Debug|Any CPU
		{B51FF07B-A2E7-4B62-883A-B7AD76FD3D0B}.Release|Any CPU.ActiveCfg = Release|Any CPU
		{B51FF07B-A2E7-4B62-883A-B7AD76FD3D0B}.Release|Any CPU.Build.0 = Release|Any CPU
	EndGlobalSection
	GlobalSection(SolutionProperties) = preSolution
		HideSolutionNode = FALSE
	EndGlobalSection
	GlobalSection(ExtensibilityGlobals) = postSolution
		SolutionGuid = {133435A7-A864-4473-BC7F-5FD5185F788A}
	EndGlobalSection
EndGlobal
