
Microsoft Visual Studio Solution File, Format Version 12.00
# Visual Studio Version 16
VisualStudioVersion = 16.0.30804.86
MinimumVisualStudioVersion = 10.0.40219.1
Project("{FAE04EC0-301F-11D3-BF4B-00C04F79EFBC}") = "Fraction", "LaFraction\Fraction.csproj", "{4F1FDAF3-F982-411E-8621-49D58A421577}"
EndProject
Project("{FAE04EC0-301F-11D3-BF4B-00C04F79EFBC}") = "ClassLibraryFraction", "ClassLibraryFraction\ClassLibraryFraction.csproj", "{1E51B567-39AB-49E0-AC91-17CBDB6D8201}"
EndProject
Project("{FAE04EC0-301F-11D3-BF4B-00C04F79EFBC}") = "ClassLibraryFractionTests", "ClassLibraryFractionTests\ClassLibraryFractionTests.csproj", "{5AD24535-2A78-4A42-93E6-F50B5D0544D8}"
EndProject
Global
	GlobalSection(SolutionConfigurationPlatforms) = preSolution
		Debug|Any CPU = Debug|Any CPU
		Release|Any CPU = Release|Any CPU
	EndGlobalSection
	GlobalSection(ProjectConfigurationPlatforms) = postSolution
		{4F1FDAF3-F982-411E-8621-49D58A421577}.Debug|Any CPU.ActiveCfg = Debug|Any CPU
		{4F1FDAF3-F982-411E-8621-49D58A421577}.Debug|Any CPU.Build.0 = Debug|Any CPU
		{4F1FDAF3-F982-411E-8621-49D58A421577}.Release|Any CPU.ActiveCfg = Release|Any CPU
		{4F1FDAF3-F982-411E-8621-49D58A421577}.Release|Any CPU.Build.0 = Release|Any CPU
		{1E51B567-39AB-49E0-AC91-17CBDB6D8201}.Debug|Any CPU.ActiveCfg = Debug|Any CPU
		{1E51B567-39AB-49E0-AC91-17CBDB6D8201}.Debug|Any CPU.Build.0 = Debug|Any CPU
		{1E51B567-39AB-49E0-AC91-17CBDB6D8201}.Release|Any CPU.ActiveCfg = Release|Any CPU
		{1E51B567-39AB-49E0-AC91-17CBDB6D8201}.Release|Any CPU.Build.0 = Release|Any CPU
		{5AD24535-2A78-4A42-93E6-F50B5D0544D8}.Debug|Any CPU.ActiveCfg = Debug|Any CPU
		{5AD24535-2A78-4A42-93E6-F50B5D0544D8}.Debug|Any CPU.Build.0 = Debug|Any CPU
		{5AD24535-2A78-4A42-93E6-F50B5D0544D8}.Release|Any CPU.ActiveCfg = Release|Any CPU
		{5AD24535-2A78-4A42-93E6-F50B5D0544D8}.Release|Any CPU.Build.0 = Release|Any CPU
	EndGlobalSection
	GlobalSection(SolutionProperties) = preSolution
		HideSolutionNode = FALSE
	EndGlobalSection
	GlobalSection(ExtensibilityGlobals) = postSolution
		SolutionGuid = {57853D25-CDF4-4E33-B97A-12C5896B4B5E}
	EndGlobalSection
EndGlobal
